
Microsoft Visual Studio Solution File, Format Version 12.00
# Visual Studio Version 16
VisualStudioVersion = 16.0.30114.105
MinimumVisualStudioVersion = 10.0.40219.1
Project("{2150E333-8FDC-42A3-9474-1A3956D46DE8}") = "src", "src", "{DDE64D81-82CE-4C8E-ABE0-DA841C80FD2A}"
EndProject
Project("{FAE04EC0-301F-11D3-BF4B-00C04F79EFBC}") = "BabyCareApi", "src\BabyCareApi\BabyCareApi.csproj", "{759D5E86-6D73-421E-99B1-9176A7EFA335}"
EndProject
Global
	GlobalSection(SolutionConfigurationPlatforms) = preSolution
		Debug|Any CPU = Debug|Any CPU
		Release|Any CPU = Release|Any CPU
	EndGlobalSection
	GlobalSection(SolutionProperties) = preSolution
		HideSolutionNode = FALSE
	EndGlobalSection
	GlobalSection(ProjectConfigurationPlatforms) = postSolution
		{759D5E86-6D73-421E-99B1-9176A7EFA335}.Debug|Any CPU.ActiveCfg = Debug|Any CPU
		{759D5E86-6D73-421E-99B1-9176A7EFA335}.Debug|Any CPU.Build.0 = Debug|Any CPU
		{759D5E86-6D73-421E-99B1-9176A7EFA335}.Release|Any CPU.ActiveCfg = Release|Any CPU
		{759D5E86-6D73-421E-99B1-9176A7EFA335}.Release|Any CPU.Build.0 = Release|Any CPU
	EndGlobalSection
	GlobalSection(NestedProjects) = preSolution
		{759D5E86-6D73-421E-99B1-9176A7EFA335} = {DDE64D81-82CE-4C8E-ABE0-DA841C80FD2A}
	EndGlobalSection
EndGlobal
